
Microsoft Visual Studio Solution File, Format Version 12.00
# Visual Studio Version 17
VisualStudioVersion = 17.9.34622.214
MinimumVisualStudioVersion = 10.0.40219.1
Project("{FAE04EC0-301F-11D3-BF4B-00C04F79EFBC}") = "gk_2", "gk_2\gk_2.csproj", "{8AF9BBC0-21CB-4C3C-8861-9A786BD4ABB7}"
EndProject
Global
	GlobalSection(SolutionConfigurationPlatforms) = preSolution
		Debug|Any CPU = Debug|Any CPU
		Release|Any CPU = Release|Any CPU
	EndGlobalSection
	GlobalSection(ProjectConfigurationPlatforms) = postSolution
		{8AF9BBC0-21CB-4C3C-8861-9A786BD4ABB7}.Debug|Any CPU.ActiveCfg = Debug|Any CPU
		{8AF9BBC0-21CB-4C3C-8861-9A786BD4ABB7}.Debug|Any CPU.Build.0 = Debug|Any CPU
		{8AF9BBC0-21CB-4C3C-8861-9A786BD4ABB7}.Release|Any CPU.ActiveCfg = Release|Any CPU
		{8AF9BBC0-21CB-4C3C-8861-9A786BD4ABB7}.Release|Any CPU.Build.0 = Release|Any CPU
	EndGlobalSection
	GlobalSection(SolutionProperties) = preSolution
		HideSolutionNode = FALSE
	EndGlobalSection
	GlobalSection(ExtensibilityGlobals) = postSolution
		SolutionGuid = {0859CE4A-D080-4099-A7E5-A6F05D321694}
	EndGlobalSection
EndGlobal
